// !$*UTF8*$!
{
	archiveVersion = 1;
	classes = {
	};
	objectVersion = 77;
	objects = {

/* Begin PBXContainerItemProxy section */
		1DABD6C12EAAA8C900B8319B /* PBXContainerItemProxy */ = {
			isa = PBXContainerItemProxy;
			containerPortal = 1DABD6A22EAAA8C700B8319B /* Project object */;
			proxyType = 1;
			remoteGlobalIDString = 1DABD6A92EAAA8C700B8319B;
			remoteInfo = RandomizerApp;
		};
		1DABD6CB2EAAA8C900B8319B /* PBXContainerItemProxy */ = {
			isa = PBXContainerItemProxy;
			containerPortal = 1DABD6A22EAAA8C700B8319B /* Project object */;
			proxyType = 1;
			remoteGlobalIDString = 1DABD6A92EAAA8C700B8319B;
			remoteInfo = RandomizerApp;
		};
/* End PBXContainerItemProxy section */

/* Begin PBXFileReference section */
		1DABD6AA2EAAA8C700B8319B /* RandomizerApp.app */ = {isa = PBXFileReference; explicitFileType = wrapper.application; includeInIndex = 0; path = RandomizerApp.app; sourceTree = BUILT_PRODUCTS_DIR; };
		1DABD6C02EAAA8C900B8319B /* RandomizerAppTests.xctest */ = {isa = PBXFileReference; explicitFileType = wrapper.cfbundle; includeInIndex = 0; path = RandomizerAppTests.xctest; sourceTree = BUILT_PRODUCTS_DIR; };
		1DABD6CA2EAAA8C900B8319B /* RandomizerAppUITests.xctest */ = {isa = PBXFileReference; explicitFileType = wrapper.cfbundle; includeInIndex = 0; path = RandomizerAppUITests.xctest; sourceTree = BUILT_PRODUCTS_DIR; };
/* End PBXFileReference section */

/* Begin PBXFileSystemSynchronizedBuildFileExceptionSet section */
		1DABD6D22EAAA8C900B8319B /* Exceptions for "RandomizerApp" folder in "RandomizerApp" target */ = {
			isa = PBXFileSystemSynchronizedBuildFileExceptionSet;
			membershipExceptions = (
				Info.plist,
			);
			target = 1DABD6A92EAAA8C700B8319B /* RandomizerApp */;
		};
/* End PBXFileSystemSynchronizedBuildFileExceptionSet section */

/* Begin PBXFileSystemSynchronizedRootGroup section */
		1DABD6AC2EAAA8C700B8319B /* RandomizerApp */ = {
			isa = PBXFileSystemSynchronizedRootGroup;
			exceptions = (
				1DABD6D22EAAA8C900B8319B /* Exceptions for "RandomizerApp" folder in "RandomizerApp" target */,
			);
			path = RandomizerApp;
			sourceTree = "<group>";
		};
		1DABD6C32EAAA8C900B8319B /* RandomizerAppTests */ = {
			isa = PBXFileSystemSynchronizedRootGroup;
			path = RandomizerAppTests;
			sourceTree = "<group>";
		};
		1DABD6CD2EAAA8C900B8319B /* RandomizerAppUITests */ = {
			isa = PBXFileSystemSynchronizedRootGroup;
			path = RandomizerAppUITests;
			sourceTree = "<group>";
		};
/* End PBXFileSystemSynchronizedRootGroup section */

/* Begin PBXFrameworksBuildPhase section */
		1DABD6A72EAAA8C700B8319B /* Frameworks */ = {
			isa = PBXFrameworksBuildPhase;
			buildActionMask = 2147483647;
			files = (
			);
			runOnlyForDeploymentPostprocessing = 0;
		};
		1DABD6BD2EAAA8C900B8319B /* Frameworks */ = {
			isa = PBXFrameworksBuildPhase;
			buildActionMask = 2147483647;
			files = (
			);
			runOnlyForDeploymentPostprocessing = 0;
		};
		1DABD6C72EAAA8C900B8319B /* Frameworks */ = {
			isa = PBXFrameworksBuildPhase;
			buildActionMask = 2147483647;
			files = (
			);
			runOnlyForDeploymentPostprocessing = 0;
		};
/* End PBXFrameworksBuildPhase section */

/* Begin PBXGroup section */
		1DABD6A12EAAA8C700B8319B = {
			isa = PBXGroup;
			children = (
				1DABD6AC2EAAA8C700B8319B /* RandomizerApp */,
				1DABD6C32EAAA8C900B8319B /* RandomizerAppTests */,
				1DABD6CD2EAAA8C900B8319B /* RandomizerAppUITests */,
				1DABD6AB2EAAA8C700B8319B /* Products */,
			);
			sourceTree = "<group>";
		};
		1DABD6AB2EAAA8C700B8319B /* Products */ = {
			isa = PBXGroup;
			children = (
				1DABD6AA2EAAA8C700B8319B /* RandomizerApp.app */,
				1DABD6C02EAAA8C900B8319B /* RandomizerAppTests.xctest */,
				1DABD6CA2EAAA8C900B8319B /* RandomizerAppUITests.xctest */,
			);
			name = Products;
			sourceTree = "<group>";
		};
/* End PBXGroup section */

/* Begin PBXNativeTarget section */
		1DABD6A92EAAA8C700B8319B /* RandomizerApp */ = {
			isa = PBXNativeTarget;
			buildConfigurationList = 1DABD6D32EAAA8C900B8319B /* Build configuration list for PBXNativeTarget "RandomizerApp" */;
			buildPhases = (
				1DABD6A62EAAA8C700B8319B /* Sources */,
				1DABD6A72EAAA8C700B8319B /* Frameworks */,
				1DABD6A82EAAA8C700B8319B /* Resources */,
			);
			buildRules = (
			);
			dependencies = (
			);
			fileSystemSynchronizedGroups = (
				1DABD6AC2EAAA8C700B8319B /* RandomizerApp */,
			);
			name = RandomizerApp;
			packageProductDependencies = (
			);
			productName = RandomizerApp;
			productReference = 1DABD6AA2EAAA8C700B8319B /* RandomizerApp.app */;
			productType = "com.apple.product-type.application";
		};
		1DABD6BF2EAAA8C900B8319B /* RandomizerAppTests */ = {
			isa = PBXNativeTarget;
			buildConfigurationList = 1DABD6D82EAAA8C900B8319B /* Build configuration list for PBXNativeTarget "RandomizerAppTests" */;
			buildPhases = (
				1DABD6BC2EAAA8C900B8319B /* Sources */,
				1DABD6BD2EAAA8C900B8319B /* Frameworks */,
				1DABD6BE2EAAA8C900B8319B /* Resources */,
			);
			buildRules = (
			);
			dependencies = (
				1DABD6C22EAAA8C900B8319B /* PBXTargetDependency */,
			);
			fileSystemSynchronizedGroups = (
				1DABD6C32EAAA8C900B8319B /* RandomizerAppTests */,
			);
			name = RandomizerAppTests;
			packageProductDependencies = (
			);
			productName = RandomizerAppTests;
			productReference = 1DABD6C02EAAA8C900B8319B /* RandomizerAppTests.xctest */;
			productType = "com.apple.product-type.bundle.unit-test";
		};
		1DABD6C92EAAA8C900B8319B /* RandomizerAppUITests */ = {
			isa = PBXNativeTarget;
			buildConfigurationList = 1DABD6DB2EAAA8C900B8319B /* Build configuration list for PBXNativeTarget "RandomizerAppUITests" */;
			buildPhases = (
				1DABD6C62EAAA8C900B8319B /* Sources */,
				1DABD6C72EAAA8C900B8319B /* Frameworks */,
				1DABD6C82EAAA8C900B8319B /* Resources */,
			);
			buildRules = (
			);
			dependencies = (
				1DABD6CC2EAAA8C900B8319B /* PBXTargetDependency */,
			);
			fileSystemSynchronizedGroups = (
				1DABD6CD2EAAA8C900B8319B /* RandomizerAppUITests */,
			);
			name = RandomizerAppUITests;
			packageProductDependencies = (
			);
			productName = RandomizerAppUITests;
			productReference = 1DABD6CA2EAAA8C900B8319B /* RandomizerAppUITests.xctest */;
			productType = "com.apple.product-type.bundle.ui-testing";
		};
/* End PBXNativeTarget section */

/* Begin PBXProject section */
		1DABD6A22EAAA8C700B8319B /* Project object */ = {
			isa = PBXProject;
			attributes = {
				BuildIndependentTargetsInParallel = 1;
				LastSwiftUpdateCheck = 1640;
				LastUpgradeCheck = 1640;
				TargetAttributes = {
					1DABD6A92EAAA8C700B8319B = {
						CreatedOnToolsVersion = 16.4;
					};
					1DABD6BF2EAAA8C900B8319B = {
						CreatedOnToolsVersion = 16.4;
						TestTargetID = 1DABD6A92EAAA8C700B8319B;
					};
					1DABD6C92EAAA8C900B8319B = {
						CreatedOnToolsVersion = 16.4;
						TestTargetID = 1DABD6A92EAAA8C700B8319B;
					};
				};
			};
			buildConfigurationList = 1DABD6A52EAAA8C700B8319B /* Build configuration list for PBXProject "RandomizerApp" */;
			developmentRegion = en;
			hasScannedForEncodings = 0;
			knownRegions = (
				en,
				Base,
			);
			mainGroup = 1DABD6A12EAAA8C700B8319B;
			minimizedProjectReferenceProxies = 1;
			preferredProjectObjectVersion = 77;
			productRefGroup = 1DABD6AB2EAAA8C700B8319B /* Products */;
			projectDirPath = "";
			projectRoot = "";
			targets = (
				1DABD6A92EAAA8C700B8319B /* RandomizerApp */,
				1DABD6BF2EAAA8C900B8319B /* RandomizerAppTests */,
				1DABD6C92EAAA8C900B8319B /* RandomizerAppUITests */,
			);
		};
/* End PBXProject section */

/* Begin PBXResourcesBuildPhase section */
		1DABD6A82EAAA8C700B8319B /* Resources */ = {
			isa = PBXResourcesBuildPhase;
			buildActionMask = 2147483647;
			files = (
			);
			runOnlyForDeploymentPostprocessing = 0;
		};
		1DABD6BE2EAAA8C900B8319B /* Resources */ = {
			isa = PBXResourcesBuildPhase;
			buildActionMask = 2147483647;
			files = (
			);
			runOnlyForDeploymentPostprocessing = 0;
		};
		1DABD6C82EAAA8C900B8319B /* Resources */ = {
			isa = PBXResourcesBuildPhase;
			buildActionMask = 2147483647;
			files = (
			);
			runOnlyForDeploymentPostprocessing = 0;
		};
/* End PBXResourcesBuildPhase section */

/* Begin PBXSourcesBuildPhase section */
		1DABD6A62EAAA8C700B8319B /* Sources */ = {
			isa = PBXSourcesBuildPhase;
			buildActionMask = 2147483647;
			files = (
			);
			runOnlyForDeploymentPostprocessing = 0;
		};
		1DABD6BC2EAAA8C900B8319B /* Sources */ = {
			isa = PBXSourcesBuildPhase;
			buildActionMask = 2147483647;
			files = (
			);
			runOnlyForDeploymentPostprocessing = 0;
		};
		1DABD6C62EAAA8C900B8319B /* Sources */ = {
			isa = PBXSourcesBuildPhase;
			buildActionMask = 2147483647;
			files = (
			);
			runOnlyForDeploymentPostprocessing = 0;
		};
/* End PBXSourcesBuildPhase section */

/* Begin PBXTargetDependency section */
		1DABD6C22EAAA8C900B8319B /* PBXTargetDependency */ = {
			isa = PBXTargetDependency;
			target = 1DABD6A92EAAA8C700B8319B /* RandomizerApp */;
			targetProxy = 1DABD6C12EAAA8C900B8319B /* PBXContainerItemProxy */;
		};
		1DABD6CC2EAAA8C900B8319B /* PBXTargetDependency */ = {
			isa = PBXTargetDependency;
			target = 1DABD6A92EAAA8C700B8319B /* RandomizerApp */;
			targetProxy = 1DABD6CB2EAAA8C900B8319B /* PBXContainerItemProxy */;
		};
/* End PBXTargetDependency section */

/* Begin XCBuildConfiguration section */
		1DABD6D42EAAA8C900B8319B /* Debug */ = {
			isa = XCBuildConfiguration;
			buildSettings = {
				ASSETCATALOG_COMPILER_APPICON_NAME = AppIcon;
				ASSETCATALOG_COMPILER_GLOBAL_ACCENT_COLOR_NAME = AccentColor;
				CODE_SIGN_STYLE = Automatic;
				CURRENT_PROJECT_VERSION = 1;
				GENERATE_INFOPLIST_FILE = YES;
				INFOPLIST_FILE = RandomizerApp/Info.plist;
				INFOPLIST_KEY_UIApplicationSupportsIndirectInputEvents = YES;
				INFOPLIST_KEY_UILaunchStoryboardName = LaunchScreen;
				INFOPLIST_KEY_UIMainStoryboardFile = Main;
				INFOPLIST_KEY_UISupportedInterfaceOrientations_iPad = "UIInterfaceOrientationPortrait UIInterfaceOrientationPortraitUpsideDown UIInterfaceOrientationLandscapeLeft UIInterfaceOrientationLandscapeRight";
				INFOPLIST_KEY_UISupportedInterfaceOrientations_iPhone = "UIInterfaceOrientationPortrait UIInterfaceOrientationLandscapeLeft UIInterfaceOrientationLandscapeRight";
				LD_RUNPATH_SEARCH_PATHS = (
					"$(inherited)",
					"@executable_path/Frameworks",
				);
				MARKETING_VERSION = 1.0;
				PRODUCT_BUNDLE_IDENTIFIER = test.RandomizerApp;
				PRODUCT_NAME = "$(TARGET_NAME)";
				SWIFT_EMIT_LOC_STRINGS = YES;
				SWIFT_VERSION = 5.0;
				TARGETED_DEVICE_FAMILY = "1,2";
			};
			name = Debug;
		};
		1DABD6D52EAAA8C900B8319B /* Release */ = {
			isa = XCBuildConfiguration;
			buildSettings = {
				ASSETCATALOG_COMPILER_APPICON_NAME = AppIcon;
				ASSETCATALOG_COMPILER_GLOBAL_ACCENT_COLOR_NAME = AccentColor;
				CODE_SIGN_STYLE = Automatic;
				CURRENT_PROJECT_VERSION = 1;
				GENERATE_INFOPLIST_FILE = YES;
				INFOPLIST_FILE = RandomizerApp/Info.plist;
				INFOPLIST_KEY_UIApplicationSupportsIndirectInputEvents = YES;
				INFOPLIST_KEY_UILaunchStoryboardName = LaunchScreen;
				INFOPLIST_KEY_UIMainStoryboardFile = Main;
				INFOPLIST_KEY_UISupportedInterfaceOrientations_iPad = "UIInterfaceOrientationPortrait UIInterfaceOrientationPortraitUpsideDown UIInterfaceOrientationLandscapeLeft UIInterfaceOrientationLandscapeRight";
				INFOPLIST_KEY_UISupportedInterfaceOrientations_iPhone = "UIInterfaceOrientationPortrait UIInterfaceOrientationLandscapeLeft UIInterfaceOrientationLandscapeRight";
				LD_RUNPATH_SEARCH_PATHS = (
					"$(inherited)",
					"@executable_path/Frameworks",
				);
				MARKETING_VERSION = 1.0;
				PRODUCT_BUNDLE_IDENTIFIER = test.RandomizerApp;
				PRODUCT_NAME = "$(TARGET_NAME)";
				SWIFT_EMIT_LOC_STRINGS = YES;
				SWIFT_VERSION = 5.0;
				TARGETED_DEVICE_FAMILY = "1,2";
			};
			name = Release;
		};
		1DABD6D62EAAA8C900B8319B /* Debug */ = {
			isa = XCBuildConfiguration;
			buildSettings = {
				ALWAYS_SEARCH_USER_PATHS = NO;
				ASSETCATALOG_COMPILER_GENERATE_SWIFT_ASSET_SYMBOL_EXTENSIONS = YES;
				CLANG_ANALYZER_NONNULL = YES;
				CLANG_ANALYZER_NUMBER_OBJECT_CONVERSION = YES_AGGRESSIVE;
				CLANG_CXX_LANGUAGE_STANDARD = "gnu++20";
				CLANG_ENABLE_MODULES = YES;
				CLANG_ENABLE_OBJC_ARC = YES;
				CLANG_ENABLE_OBJC_WEAK = YES;
				CLANG_WARN_BLOCK_CAPTURE_AUTORELEASING = YES;
				CLANG_WARN_BOOL_CONVERSION = YES;
				CLANG_WARN_COMMA = YES;
				CLANG_WARN_CONSTANT_CONVERSION = YES;
				CLANG_WARN_DEPRECATED_OBJC_IMPLEMENTATIONS = YES;
				CLANG_WARN_DIRECT_OBJC_ISA_USAGE = YES_ERROR;
				CLANG_WARN_DOCUMENTATION_COMMENTS = YES;
				CLANG_WARN_EMPTY_BODY = YES;
				CLANG_WARN_ENUM_CONVERSION = YES;
				CLANG_WARN_INFINITE_RECURSION = YES;
				CLANG_WARN_INT_CONVERSION = YES;
				CLANG_WARN_NON_LITERAL_NULL_CONVERSION = YES;
				CLANG_WARN_OBJC_IMPLICIT_RETAIN_SELF = YES;
				CLANG_WARN_OBJC_LITERAL_CONVERSION = YES;
				CLANG_WARN_OBJC_ROOT_CLASS = YES_ERROR;
				CLANG_WARN_QUOTED_INCLUDE_IN_FRAMEWORK_HEADER = YES;
				CLANG_WARN_RANGE_LOOP_ANALYSIS = YES;
				CLANG_WARN_STRICT_PROTOTYPES = YES;
				CLANG_WARN_SUSPICIOUS_MOVE = YES;
				CLANG_WARN_UNGUARDED_AVAILABILITY = YES_AGGRESSIVE;
				CLANG_WARN_UNREACHABLE_CODE = YES;
				CLANG_WARN__DUPLICATE_METHOD_MATCH = YES;
				COPY_PHASE_STRIP = NO;
				DEBUG_INFORMATION_FORMAT = dwarf;
				ENABLE_STRICT_OBJC_MSGSEND = YES;
				ENABLE_TESTABILITY = YES;
				ENABLE_USER_SCRIPT_SANDBOXING = YES;
				GCC_C_LANGUAGE_STANDARD = gnu17;
				GCC_DYNAMIC_NO_PIC = NO;
				GCC_NO_COMMON_BLOCKS = YES;
				GCC_OPTIMIZATION_LEVEL = 0;
				GCC_PREPROCESSOR_DEFINITIONS = (
					"DEBUG=1",
					"$(inherited)",
				);
				GCC_WARN_64_TO_32_BIT_CONVERSION = YES;
				GCC_WARN_ABOUT_RETURN_TYPE = YES_ERROR;
				GCC_WARN_UNDECLARED_SELECTOR = YES;
				GCC_WARN_UNINITIALIZED_AUTOS = YES_AGGRESSIVE;
				GCC_WARN_UNUSED_FUNCTION = YES;
				GCC_WARN_UNUSED_VARIABLE = YES;
				IPHONEOS_DEPLOYMENT_TARGET = 18.5;
				LOCALIZATION_PREFERS_STRING_CATALOGS = YES;
				MTL_ENABLE_DEBUG_INFO = INCLUDE_SOURCE;
				MTL_FAST_MATH = YES;
				ONLY_ACTIVE_ARCH = YES;
				SDKROOT = iphoneos;
				SWIFT_ACTIVE_COMPILATION_CONDITIONS = "DEBUG $(inherited)";
				SWIFT_OPTIMIZATION_LEVEL = "-Onone";
			};
			name = Debug;
		};
		1DABD6D72EAAA8C900B8319B /* Release */ = {
			isa = XCBuildConfiguration;
			buildSettings = {
				ALWAYS_SEARCH_USER_PATHS = NO;
				ASSETCATALOG_COMPILER_GENERATE_SWIFT_ASSET_SYMBOL_EXTENSIONS = YES;
				CLANG_ANALYZER_NONNULL = YES;
				CLANG_ANALYZER_NUMBER_OBJECT_CONVERSION = YES_AGGRESSIVE;
				CLANG_CXX_LANGUAGE_STANDARD = "gnu++20";
				CLANG_ENABLE_MODULES = YES;
				CLANG_ENABLE_OBJC_ARC = YES;
				CLANG_ENABLE_OBJC_WEAK = YES;
				CLANG_WARN_BLOCK_CAPTURE_AUTORELEASING = YES;
				CLANG_WARN_BOOL_CONVERSION = YES;
				CLANG_WARN_COMMA = YES;
				CLANG_WARN_CONSTANT_CONVERSION = YES;
				CLANG_WARN_DEPRECATED_OBJC_IMPLEMENTATIONS = YES;
				CLANG_WARN_DIRECT_OBJC_ISA_USAGE = YES_ERROR;
				CLANG_WARN_DOCUMENTATION_COMMENTS = YES;
				CLANG_WARN_EMPTY_BODY = YES;
				CLANG_WARN_ENUM_CONVERSION = YES;
				CLANG_WARN_INFINITE_RECURSION = YES;
				CLANG_WARN_INT_CONVERSION = YES;
				CLANG_WARN_NON_LITERAL_NULL_CONVERSION = YES;
				CLANG_WARN_OBJC_IMPLICIT_RETAIN_SELF = YES;
				CLANG_WARN_OBJC_LITERAL_CONVERSION = YES;
				CLANG_WARN_OBJC_ROOT_CLASS = YES_ERROR;
				CLANG_WARN_QUOTED_INCLUDE_IN_FRAMEWORK_HEADER = YES;
				CLANG_WARN_RANGE_LOOP_ANALYSIS = YES;
				CLANG_WARN_STRICT_PROTOTYPES = YES;
				CLANG_WARN_SUSPICIOUS_MOVE = YES;
				CLANG_WARN_UNGUARDED_AVAILABILITY = YES_AGGRESSIVE;
				CLANG_WARN_UNREACHABLE_CODE = YES;
				CLANG_WARN__DUPLICATE_METHOD_MATCH = YES;
				COPY_PHASE_STRIP = NO;
				DEBUG_INFORMATION_FORMAT = "dwarf-with-dsym";
				ENABLE_NS_ASSERTIONS = NO;
				ENABLE_STRICT_OBJC_MSGSEND = YES;
				ENABLE_USER_SCRIPT_SANDBOXING = YES;
				GCC_C_LANGUAGE_STANDARD = gnu17;
				GCC_NO_COMMON_BLOCKS = YES;
				GCC_WARN_64_TO_32_BIT_CONVERSION = YES;
				GCC_WARN_ABOUT_RETURN_TYPE = YES_ERROR;
				GCC_WARN_UNDECLARED_SELECTOR = YES;
				GCC_WARN_UNINITIALIZED_AUTOS = YES_AGGRESSIVE;
				GCC_WARN_UNUSED_FUNCTION = YES;
				GCC_WARN_UNUSED_VARIABLE = YES;
				IPHONEOS_DEPLOYMENT_TARGET = 18.5;
				LOCALIZATION_PREFERS_STRING_CATALOGS = YES;
				MTL_ENABLE_DEBUG_INFO = NO;
				MTL_FAST_MATH = YES;
				SDKROOT = iphoneos;
				SWIFT_COMPILATION_MODE = wholemodule;
				VALIDATE_PRODUCT = YES;
			};
			name = Release;
		};
		1DABD6D92EAAA8C900B8319B /* Debug */ = {
			isa = XCBuildConfiguration;
			buildSettings = {
				BUNDLE_LOADER = "$(TEST_HOST)";
				CODE_SIGN_STYLE = Automatic;
				CURRENT_PROJECT_VERSION = 1;
				GENERATE_INFOPLIST_FILE = YES;
				IPHONEOS_DEPLOYMENT_TARGET = 18.5;
				MARKETING_VERSION = 1.0;
				PRODUCT_BUNDLE_IDENTIFIER = test.RandomizerAppTests;
				PRODUCT_NAME = "$(TARGET_NAME)";
				SWIFT_EMIT_LOC_STRINGS = NO;
				SWIFT_VERSION = 5.0;
				TARGETED_DEVICE_FAMILY = "1,2";
				TEST_HOST = "$(BUILT_PRODUCTS_DIR)/RandomizerApp.app/$(BUNDLE_EXECUTABLE_FOLDER_PATH)/RandomizerApp";
			};
			name = Debug;
		};
		1DABD6DA2EAAA8C900B8319B /* Release */ = {
			isa = XCBuildConfiguration;
			buildSettings = {
				BUNDLE_LOADER = "$(TEST_HOST)";
				CODE_SIGN_STYLE = Automatic;
				CURRENT_PROJECT_VERSION = 1;
				GENERATE_INFOPLIST_FILE = YES;
				IPHONEOS_DEPLOYMENT_TARGET = 18.5;
				MARKETING_VERSION = 1.0;
				PRODUCT_BUNDLE_IDENTIFIER = test.RandomizerAppTests;
				PRODUCT_NAME = "$(TARGET_NAME)";
				SWIFT_EMIT_LOC_STRINGS = NO;
				SWIFT_VERSION = 5.0;
				TARGETED_DEVICE_FAMILY = "1,2";
				TEST_HOST = "$(BUILT_PRODUCTS_DIR)/RandomizerApp.app/$(BUNDLE_EXECUTABLE_FOLDER_PATH)/RandomizerApp";
			};
			name = Release;
		};
		1DABD6DC2EAAA8C900B8319B /* Debug */ = {
			isa = XCBuildConfiguration;
			buildSettings = {
				CODE_SIGN_STYLE = Automatic;
				CURRENT_PROJECT_VERSION = 1;
				GENERATE_INFOPLIST_FILE = YES;
				MARKETING_VERSION = 1.0;
				PRODUCT_BUNDLE_IDENTIFIER = test.RandomizerAppUITests;
				PRODUCT_NAME = "$(TARGET_NAME)";
				SWIFT_EMIT_LOC_STRINGS = NO;
				SWIFT_VERSION = 5.0;
				TARGETED_DEVICE_FAMILY = "1,2";
				TEST_TARGET_NAME = RandomizerApp;
			};
			name = Debug;
		};
		1DABD6DD2EAAA8C900B8319B /* Release */ = {
			isa = XCBuildConfiguration;
			buildSettings = {
				CODE_SIGN_STYLE = Automatic;
				CURRENT_PROJECT_VERSION = 1;
				GENERATE_INFOPLIST_FILE = YES;
				MARKETING_VERSION = 1.0;
				PRODUCT_BUNDLE_IDENTIFIER = test.RandomizerAppUITests;
				PRODUCT_NAME = "$(TARGET_NAME)";
				SWIFT_EMIT_LOC_STRINGS = NO;
				SWIFT_VERSION = 5.0;
				TARGETED_DEVICE_FAMILY = "1,2";
				TEST_TARGET_NAME = RandomizerApp;
			};
			name = Release;
		};
/* End XCBuildConfiguration section */

/* Begin XCConfigurationList section */
		1DABD6A52EAAA8C700B8319B /* Build configuration list for PBXProject "RandomizerApp" */ = {
			isa = XCConfigurationList;
			buildConfigurations = (
				1DABD6D62EAAA8C900B8319B /* Debug */,
				1DABD6D72EAAA8C900B8319B /* Release */,
			);
			defaultConfigurationIsVisible = 0;
			defaultConfigurationName = Release;
		};
		1DABD6D32EAAA8C900B8319B /* Build configuration list for PBXNativeTarget "RandomizerApp" */ = {
			isa = XCConfigurationList;
			buildConfigurations = (
				1DABD6D42EAAA8C900B8319B /* Debug */,
				1DABD6D52EAAA8C900B8319B /* Release */,
			);
			defaultConfigurationIsVisible = 0;
			defaultConfigurationName = Release;
		};
		1DABD6D82EAAA8C900B8319B /* Build configuration list for PBXNativeTarget "RandomizerAppTests" */ = {
			isa = XCConfigurationList;
			buildConfigurations = (
				1DABD6D92EAAA8C900B8319B /* Debug */,
				1DABD6DA2EAAA8C900B8319B /* Release */,
			);
			defaultConfigurationIsVisible = 0;
			defaultConfigurationName = Release;
		};
		1DABD6DB2EAAA8C900B8319B /* Build configuration list for PBXNativeTarget "RandomizerAppUITests" */ = {
			isa = XCConfigurationList;
			buildConfigurations = (
				1DABD6DC2EAAA8C900B8319B /* Debug */,
				1DABD6DD2EAAA8C900B8319B /* Release */,
			);
			defaultConfigurationIsVisible = 0;
			defaultConfigurationName = Release;
		};
/* End XCConfigurationList section */
	};
	rootObject = 1DABD6A22EAAA8C700B8319B /* Project object */;
}
