// !$*UTF8*$!
{
	archiveVersion = 1;
	classes = {
	};
	objectVersion = 77;
	objects = {

/* Begin PBXContainerItemProxy section */
		1DABD6372EAA8BB400B8319B /* PBXContainerItemProxy */ = {
			isa = PBXContainerItemProxy;
			containerPortal = 1DABD6182EAA8BB200B8319B /* Project object */;
			proxyType = 1;
			remoteGlobalIDString = 1DABD61F2EAA8BB200B8319B;
			remoteInfo = DiceeApp;
		};
		1DABD6412EAA8BB400B8319B /* PBXContainerItemProxy */ = {
			isa = PBXContainerItemProxy;
			containerPortal = 1DABD6182EAA8BB200B8319B /* Project object */;
			proxyType = 1;
			remoteGlobalIDString = 1DABD61F2EAA8BB200B8319B;
			remoteInfo = DiceeApp;
		};
/* End PBXContainerItemProxy section */

/* Begin PBXFileReference section */
		1DABD6202EAA8BB200B8319B /* DiceeApp.app */ = {isa = PBXFileReference; explicitFileType = wrapper.application; includeInIndex = 0; path = DiceeApp.app; sourceTree = BUILT_PRODUCTS_DIR; };
		1DABD6362EAA8BB400B8319B /* DiceeAppTests.xctest */ = {isa = PBXFileReference; explicitFileType = wrapper.cfbundle; includeInIndex = 0; path = DiceeAppTests.xctest; sourceTree = BUILT_PRODUCTS_DIR; };
		1DABD6402EAA8BB400B8319B /* DiceeAppUITests.xctest */ = {isa = PBXFileReference; explicitFileType = wrapper.cfbundle; includeInIndex = 0; path = DiceeAppUITests.xctest; sourceTree = BUILT_PRODUCTS_DIR; };
/* End PBXFileReference section */

/* Begin PBXFileSystemSynchronizedBuildFileExceptionSet section */
		1DABD6482EAA8BB400B8319B /* Exceptions for "DiceeApp" folder in "DiceeApp" target */ = {
			isa = PBXFileSystemSynchronizedBuildFileExceptionSet;
			membershipExceptions = (
				Info.plist,
			);
			target = 1DABD61F2EAA8BB200B8319B /* DiceeApp */;
		};
/* End PBXFileSystemSynchronizedBuildFileExceptionSet section */

/* Begin PBXFileSystemSynchronizedRootGroup section */
		1DABD6222EAA8BB200B8319B /* DiceeApp */ = {
			isa = PBXFileSystemSynchronizedRootGroup;
			exceptions = (
				1DABD6482EAA8BB400B8319B /* Exceptions for "DiceeApp" folder in "DiceeApp" target */,
			);
			path = DiceeApp;
			sourceTree = "<group>";
		};
		1DABD6392EAA8BB400B8319B /* DiceeAppTests */ = {
			isa = PBXFileSystemSynchronizedRootGroup;
			path = DiceeAppTests;
			sourceTree = "<group>";
		};
		1DABD6432EAA8BB400B8319B /* DiceeAppUITests */ = {
			isa = PBXFileSystemSynchronizedRootGroup;
			path = DiceeAppUITests;
			sourceTree = "<group>";
		};
/* End PBXFileSystemSynchronizedRootGroup section */

/* Begin PBXFrameworksBuildPhase section */
		1DABD61D2EAA8BB200B8319B /* Frameworks */ = {
			isa = PBXFrameworksBuildPhase;
			buildActionMask = 2147483647;
			files = (
			);
			runOnlyForDeploymentPostprocessing = 0;
		};
		1DABD6332EAA8BB400B8319B /* Frameworks */ = {
			isa = PBXFrameworksBuildPhase;
			buildActionMask = 2147483647;
			files = (
			);
			runOnlyForDeploymentPostprocessing = 0;
		};
		1DABD63D2EAA8BB400B8319B /* Frameworks */ = {
			isa = PBXFrameworksBuildPhase;
			buildActionMask = 2147483647;
			files = (
			);
			runOnlyForDeploymentPostprocessing = 0;
		};
/* End PBXFrameworksBuildPhase section */

/* Begin PBXGroup section */
		1DABD6172EAA8BB200B8319B = {
			isa = PBXGroup;
			children = (
				1DABD6222EAA8BB200B8319B /* DiceeApp */,
				1DABD6392EAA8BB400B8319B /* DiceeAppTests */,
				1DABD6432EAA8BB400B8319B /* DiceeAppUITests */,
				1DABD6212EAA8BB200B8319B /* Products */,
			);
			sourceTree = "<group>";
		};
		1DABD6212EAA8BB200B8319B /* Products */ = {
			isa = PBXGroup;
			children = (
				1DABD6202EAA8BB200B8319B /* DiceeApp.app */,
				1DABD6362EAA8BB400B8319B /* DiceeAppTests.xctest */,
				1DABD6402EAA8BB400B8319B /* DiceeAppUITests.xctest */,
			);
			name = Products;
			sourceTree = "<group>";
		};
/* End PBXGroup section */

/* Begin PBXNativeTarget section */
		1DABD61F2EAA8BB200B8319B /* DiceeApp */ = {
			isa = PBXNativeTarget;
			buildConfigurationList = 1DABD6492EAA8BB400B8319B /* Build configuration list for PBXNativeTarget "DiceeApp" */;
			buildPhases = (
				1DABD61C2EAA8BB200B8319B /* Sources */,
				1DABD61D2EAA8BB200B8319B /* Frameworks */,
				1DABD61E2EAA8BB200B8319B /* Resources */,
			);
			buildRules = (
			);
			dependencies = (
			);
			fileSystemSynchronizedGroups = (
				1DABD6222EAA8BB200B8319B /* DiceeApp */,
			);
			name = DiceeApp;
			packageProductDependencies = (
			);
			productName = DiceeApp;
			productReference = 1DABD6202EAA8BB200B8319B /* DiceeApp.app */;
			productType = "com.apple.product-type.application";
		};
		1DABD6352EAA8BB400B8319B /* DiceeAppTests */ = {
			isa = PBXNativeTarget;
			buildConfigurationList = 1DABD64E2EAA8BB400B8319B /* Build configuration list for PBXNativeTarget "DiceeAppTests" */;
			buildPhases = (
				1DABD6322EAA8BB400B8319B /* Sources */,
				1DABD6332EAA8BB400B8319B /* Frameworks */,
				1DABD6342EAA8BB400B8319B /* Resources */,
			);
			buildRules = (
			);
			dependencies = (
				1DABD6382EAA8BB400B8319B /* PBXTargetDependency */,
			);
			fileSystemSynchronizedGroups = (
				1DABD6392EAA8BB400B8319B /* DiceeAppTests */,
			);
			name = DiceeAppTests;
			packageProductDependencies = (
			);
			productName = DiceeAppTests;
			productReference = 1DABD6362EAA8BB400B8319B /* DiceeAppTests.xctest */;
			productType = "com.apple.product-type.bundle.unit-test";
		};
		1DABD63F2EAA8BB400B8319B /* DiceeAppUITests */ = {
			isa = PBXNativeTarget;
			buildConfigurationList = 1DABD6512EAA8BB400B8319B /* Build configuration list for PBXNativeTarget "DiceeAppUITests" */;
			buildPhases = (
				1DABD63C2EAA8BB400B8319B /* Sources */,
				1DABD63D2EAA8BB400B8319B /* Frameworks */,
				1DABD63E2EAA8BB400B8319B /* Resources */,
			);
			buildRules = (
			);
			dependencies = (
				1DABD6422EAA8BB400B8319B /* PBXTargetDependency */,
			);
			fileSystemSynchronizedGroups = (
				1DABD6432EAA8BB400B8319B /* DiceeAppUITests */,
			);
			name = DiceeAppUITests;
			packageProductDependencies = (
			);
			productName = DiceeAppUITests;
			productReference = 1DABD6402EAA8BB400B8319B /* DiceeAppUITests.xctest */;
			productType = "com.apple.product-type.bundle.ui-testing";
		};
/* End PBXNativeTarget section */

/* Begin PBXProject section */
		1DABD6182EAA8BB200B8319B /* Project object */ = {
			isa = PBXProject;
			attributes = {
				BuildIndependentTargetsInParallel = 1;
				LastSwiftUpdateCheck = 1640;
				LastUpgradeCheck = 1640;
				TargetAttributes = {
					1DABD61F2EAA8BB200B8319B = {
						CreatedOnToolsVersion = 16.4;
					};
					1DABD6352EAA8BB400B8319B = {
						CreatedOnToolsVersion = 16.4;
						TestTargetID = 1DABD61F2EAA8BB200B8319B;
					};
					1DABD63F2EAA8BB400B8319B = {
						CreatedOnToolsVersion = 16.4;
						TestTargetID = 1DABD61F2EAA8BB200B8319B;
					};
				};
			};
			buildConfigurationList = 1DABD61B2EAA8BB200B8319B /* Build configuration list for PBXProject "DiceeApp" */;
			developmentRegion = en;
			hasScannedForEncodings = 0;
			knownRegions = (
				en,
				Base,
			);
			mainGroup = 1DABD6172EAA8BB200B8319B;
			minimizedProjectReferenceProxies = 1;
			preferredProjectObjectVersion = 77;
			productRefGroup = 1DABD6212EAA8BB200B8319B /* Products */;
			projectDirPath = "";
			projectRoot = "";
			targets = (
				1DABD61F2EAA8BB200B8319B /* DiceeApp */,
				1DABD6352EAA8BB400B8319B /* DiceeAppTests */,
				1DABD63F2EAA8BB400B8319B /* DiceeAppUITests */,
			);
		};
/* End PBXProject section */

/* Begin PBXResourcesBuildPhase section */
		1DABD61E2EAA8BB200B8319B /* Resources */ = {
			isa = PBXResourcesBuildPhase;
			buildActionMask = 2147483647;
			files = (
			);
			runOnlyForDeploymentPostprocessing = 0;
		};
		1DABD6342EAA8BB400B8319B /* Resources */ = {
			isa = PBXResourcesBuildPhase;
			buildActionMask = 2147483647;
			files = (
			);
			runOnlyForDeploymentPostprocessing = 0;
		};
		1DABD63E2EAA8BB400B8319B /* Resources */ = {
			isa = PBXResourcesBuildPhase;
			buildActionMask = 2147483647;
			files = (
			);
			runOnlyForDeploymentPostprocessing = 0;
		};
/* End PBXResourcesBuildPhase section */

/* Begin PBXSourcesBuildPhase section */
		1DABD61C2EAA8BB200B8319B /* Sources */ = {
			isa = PBXSourcesBuildPhase;
			buildActionMask = 2147483647;
			files = (
			);
			runOnlyForDeploymentPostprocessing = 0;
		};
		1DABD6322EAA8BB400B8319B /* Sources */ = {
			isa = PBXSourcesBuildPhase;
			buildActionMask = 2147483647;
			files = (
			);
			runOnlyForDeploymentPostprocessing = 0;
		};
		1DABD63C2EAA8BB400B8319B /* Sources */ = {
			isa = PBXSourcesBuildPhase;
			buildActionMask = 2147483647;
			files = (
			);
			runOnlyForDeploymentPostprocessing = 0;
		};
/* End PBXSourcesBuildPhase section */

/* Begin PBXTargetDependency section */
		1DABD6382EAA8BB400B8319B /* PBXTargetDependency */ = {
			isa = PBXTargetDependency;
			target = 1DABD61F2EAA8BB200B8319B /* DiceeApp */;
			targetProxy = 1DABD6372EAA8BB400B8319B /* PBXContainerItemProxy */;
		};
		1DABD6422EAA8BB400B8319B /* PBXTargetDependency */ = {
			isa = PBXTargetDependency;
			target = 1DABD61F2EAA8BB200B8319B /* DiceeApp */;
			targetProxy = 1DABD6412EAA8BB400B8319B /* PBXContainerItemProxy */;
		};
/* End PBXTargetDependency section */

/* Begin XCBuildConfiguration section */
		1DABD64A2EAA8BB400B8319B /* Debug */ = {
			isa = XCBuildConfiguration;
			buildSettings = {
				ASSETCATALOG_COMPILER_APPICON_NAME = AppIcon;
				ASSETCATALOG_COMPILER_GLOBAL_ACCENT_COLOR_NAME = AccentColor;
				CODE_SIGN_STYLE = Automatic;
				CURRENT_PROJECT_VERSION = 1;
				GENERATE_INFOPLIST_FILE = YES;
				INFOPLIST_FILE = DiceeApp/Info.plist;
				INFOPLIST_KEY_UIApplicationSupportsIndirectInputEvents = YES;
				INFOPLIST_KEY_UILaunchStoryboardName = LaunchScreen;
				INFOPLIST_KEY_UIMainStoryboardFile = Main;
				INFOPLIST_KEY_UISupportedInterfaceOrientations_iPad = "UIInterfaceOrientationPortrait UIInterfaceOrientationPortraitUpsideDown UIInterfaceOrientationLandscapeLeft UIInterfaceOrientationLandscapeRight";
				INFOPLIST_KEY_UISupportedInterfaceOrientations_iPhone = "UIInterfaceOrientationPortrait UIInterfaceOrientationLandscapeLeft UIInterfaceOrientationLandscapeRight";
				LD_RUNPATH_SEARCH_PATHS = (
					"$(inherited)",
					"@executable_path/Frameworks",
				);
				MARKETING_VERSION = 1.0;
				PRODUCT_BUNDLE_IDENTIFIER = test.DiceeApp;
				PRODUCT_NAME = "$(TARGET_NAME)";
				SWIFT_EMIT_LOC_STRINGS = YES;
				SWIFT_VERSION = 5.0;
				TARGETED_DEVICE_FAMILY = "1,2";
			};
			name = Debug;
		};
		1DABD64B2EAA8BB400B8319B /* Release */ = {
			isa = XCBuildConfiguration;
			buildSettings = {
				ASSETCATALOG_COMPILER_APPICON_NAME = AppIcon;
				ASSETCATALOG_COMPILER_GLOBAL_ACCENT_COLOR_NAME = AccentColor;
				CODE_SIGN_STYLE = Automatic;
				CURRENT_PROJECT_VERSION = 1;
				GENERATE_INFOPLIST_FILE = YES;
				INFOPLIST_FILE = DiceeApp/Info.plist;
				INFOPLIST_KEY_UIApplicationSupportsIndirectInputEvents = YES;
				INFOPLIST_KEY_UILaunchStoryboardName = LaunchScreen;
				INFOPLIST_KEY_UIMainStoryboardFile = Main;
				INFOPLIST_KEY_UISupportedInterfaceOrientations_iPad = "UIInterfaceOrientationPortrait UIInterfaceOrientationPortraitUpsideDown UIInterfaceOrientationLandscapeLeft UIInterfaceOrientationLandscapeRight";
				INFOPLIST_KEY_UISupportedInterfaceOrientations_iPhone = "UIInterfaceOrientationPortrait UIInterfaceOrientationLandscapeLeft UIInterfaceOrientationLandscapeRight";
				LD_RUNPATH_SEARCH_PATHS = (
					"$(inherited)",
					"@executable_path/Frameworks",
				);
				MARKETING_VERSION = 1.0;
				PRODUCT_BUNDLE_IDENTIFIER = test.DiceeApp;
				PRODUCT_NAME = "$(TARGET_NAME)";
				SWIFT_EMIT_LOC_STRINGS = YES;
				SWIFT_VERSION = 5.0;
				TARGETED_DEVICE_FAMILY = "1,2";
			};
			name = Release;
		};
		1DABD64C2EAA8BB400B8319B /* Debug */ = {
			isa = XCBuildConfiguration;
			buildSettings = {
				ALWAYS_SEARCH_USER_PATHS = NO;
				ASSETCATALOG_COMPILER_GENERATE_SWIFT_ASSET_SYMBOL_EXTENSIONS = YES;
				CLANG_ANALYZER_NONNULL = YES;
				CLANG_ANALYZER_NUMBER_OBJECT_CONVERSION = YES_AGGRESSIVE;
				CLANG_CXX_LANGUAGE_STANDARD = "gnu++20";
				CLANG_ENABLE_MODULES = YES;
				CLANG_ENABLE_OBJC_ARC = YES;
				CLANG_ENABLE_OBJC_WEAK = YES;
				CLANG_WARN_BLOCK_CAPTURE_AUTORELEASING = YES;
				CLANG_WARN_BOOL_CONVERSION = YES;
				CLANG_WARN_COMMA = YES;
				CLANG_WARN_CONSTANT_CONVERSION = YES;
				CLANG_WARN_DEPRECATED_OBJC_IMPLEMENTATIONS = YES;
				CLANG_WARN_DIRECT_OBJC_ISA_USAGE = YES_ERROR;
				CLANG_WARN_DOCUMENTATION_COMMENTS = YES;
				CLANG_WARN_EMPTY_BODY = YES;
				CLANG_WARN_ENUM_CONVERSION = YES;
				CLANG_WARN_INFINITE_RECURSION = YES;
				CLANG_WARN_INT_CONVERSION = YES;
				CLANG_WARN_NON_LITERAL_NULL_CONVERSION = YES;
				CLANG_WARN_OBJC_IMPLICIT_RETAIN_SELF = YES;
				CLANG_WARN_OBJC_LITERAL_CONVERSION = YES;
				CLANG_WARN_OBJC_ROOT_CLASS = YES_ERROR;
				CLANG_WARN_QUOTED_INCLUDE_IN_FRAMEWORK_HEADER = YES;
				CLANG_WARN_RANGE_LOOP_ANALYSIS = YES;
				CLANG_WARN_STRICT_PROTOTYPES = YES;
				CLANG_WARN_SUSPICIOUS_MOVE = YES;
				CLANG_WARN_UNGUARDED_AVAILABILITY = YES_AGGRESSIVE;
				CLANG_WARN_UNREACHABLE_CODE = YES;
				CLANG_WARN__DUPLICATE_METHOD_MATCH = YES;
				COPY_PHASE_STRIP = NO;
				DEBUG_INFORMATION_FORMAT = dwarf;
				ENABLE_STRICT_OBJC_MSGSEND = YES;
				ENABLE_TESTABILITY = YES;
				ENABLE_USER_SCRIPT_SANDBOXING = YES;
				GCC_C_LANGUAGE_STANDARD = gnu17;
				GCC_DYNAMIC_NO_PIC = NO;
				GCC_NO_COMMON_BLOCKS = YES;
				GCC_OPTIMIZATION_LEVEL = 0;
				GCC_PREPROCESSOR_DEFINITIONS = (
					"DEBUG=1",
					"$(inherited)",
				);
				GCC_WARN_64_TO_32_BIT_CONVERSION = YES;
				GCC_WARN_ABOUT_RETURN_TYPE = YES_ERROR;
				GCC_WARN_UNDECLARED_SELECTOR = YES;
				GCC_WARN_UNINITIALIZED_AUTOS = YES_AGGRESSIVE;
				GCC_WARN_UNUSED_FUNCTION = YES;
				GCC_WARN_UNUSED_VARIABLE = YES;
				IPHONEOS_DEPLOYMENT_TARGET = 18.5;
				LOCALIZATION_PREFERS_STRING_CATALOGS = YES;
				MTL_ENABLE_DEBUG_INFO = INCLUDE_SOURCE;
				MTL_FAST_MATH = YES;
				ONLY_ACTIVE_ARCH = YES;
				SDKROOT = iphoneos;
				SWIFT_ACTIVE_COMPILATION_CONDITIONS = "DEBUG $(inherited)";
				SWIFT_OPTIMIZATION_LEVEL = "-Onone";
			};
			name = Debug;
		};
		1DABD64D2EAA8BB400B8319B /* Release */ = {
			isa = XCBuildConfiguration;
			buildSettings = {
				ALWAYS_SEARCH_USER_PATHS = NO;
				ASSETCATALOG_COMPILER_GENERATE_SWIFT_ASSET_SYMBOL_EXTENSIONS = YES;
				CLANG_ANALYZER_NONNULL = YES;
				CLANG_ANALYZER_NUMBER_OBJECT_CONVERSION = YES_AGGRESSIVE;
				CLANG_CXX_LANGUAGE_STANDARD = "gnu++20";
				CLANG_ENABLE_MODULES = YES;
				CLANG_ENABLE_OBJC_ARC = YES;
				CLANG_ENABLE_OBJC_WEAK = YES;
				CLANG_WARN_BLOCK_CAPTURE_AUTORELEASING = YES;
				CLANG_WARN_BOOL_CONVERSION = YES;
				CLANG_WARN_COMMA = YES;
				CLANG_WARN_CONSTANT_CONVERSION = YES;
				CLANG_WARN_DEPRECATED_OBJC_IMPLEMENTATIONS = YES;
				CLANG_WARN_DIRECT_OBJC_ISA_USAGE = YES_ERROR;
				CLANG_WARN_DOCUMENTATION_COMMENTS = YES;
				CLANG_WARN_EMPTY_BODY = YES;
				CLANG_WARN_ENUM_CONVERSION = YES;
				CLANG_WARN_INFINITE_RECURSION = YES;
				CLANG_WARN_INT_CONVERSION = YES;
				CLANG_WARN_NON_LITERAL_NULL_CONVERSION = YES;
				CLANG_WARN_OBJC_IMPLICIT_RETAIN_SELF = YES;
				CLANG_WARN_OBJC_LITERAL_CONVERSION = YES;
				CLANG_WARN_OBJC_ROOT_CLASS = YES_ERROR;
				CLANG_WARN_QUOTED_INCLUDE_IN_FRAMEWORK_HEADER = YES;
				CLANG_WARN_RANGE_LOOP_ANALYSIS = YES;
				CLANG_WARN_STRICT_PROTOTYPES = YES;
				CLANG_WARN_SUSPICIOUS_MOVE = YES;
				CLANG_WARN_UNGUARDED_AVAILABILITY = YES_AGGRESSIVE;
				CLANG_WARN_UNREACHABLE_CODE = YES;
				CLANG_WARN__DUPLICATE_METHOD_MATCH = YES;
				COPY_PHASE_STRIP = NO;
				DEBUG_INFORMATION_FORMAT = "dwarf-with-dsym";
				ENABLE_NS_ASSERTIONS = NO;
				ENABLE_STRICT_OBJC_MSGSEND = YES;
				ENABLE_USER_SCRIPT_SANDBOXING = YES;
				GCC_C_LANGUAGE_STANDARD = gnu17;
				GCC_NO_COMMON_BLOCKS = YES;
				GCC_WARN_64_TO_32_BIT_CONVERSION = YES;
				GCC_WARN_ABOUT_RETURN_TYPE = YES_ERROR;
				GCC_WARN_UNDECLARED_SELECTOR = YES;
				GCC_WARN_UNINITIALIZED_AUTOS = YES_AGGRESSIVE;
				GCC_WARN_UNUSED_FUNCTION = YES;
				GCC_WARN_UNUSED_VARIABLE = YES;
				IPHONEOS_DEPLOYMENT_TARGET = 18.5;
				LOCALIZATION_PREFERS_STRING_CATALOGS = YES;
				MTL_ENABLE_DEBUG_INFO = NO;
				MTL_FAST_MATH = YES;
				SDKROOT = iphoneos;
				SWIFT_COMPILATION_MODE = wholemodule;
				VALIDATE_PRODUCT = YES;
			};
			name = Release;
		};
		1DABD64F2EAA8BB400B8319B /* Debug */ = {
			isa = XCBuildConfiguration;
			buildSettings = {
				BUNDLE_LOADER = "$(TEST_HOST)";
				CODE_SIGN_STYLE = Automatic;
				CURRENT_PROJECT_VERSION = 1;
				GENERATE_INFOPLIST_FILE = YES;
				IPHONEOS_DEPLOYMENT_TARGET = 18.5;
				MARKETING_VERSION = 1.0;
				PRODUCT_BUNDLE_IDENTIFIER = test.DiceeAppTests;
				PRODUCT_NAME = "$(TARGET_NAME)";
				SWIFT_EMIT_LOC_STRINGS = NO;
				SWIFT_VERSION = 5.0;
				TARGETED_DEVICE_FAMILY = "1,2";
				TEST_HOST = "$(BUILT_PRODUCTS_DIR)/DiceeApp.app/$(BUNDLE_EXECUTABLE_FOLDER_PATH)/DiceeApp";
			};
			name = Debug;
		};
		1DABD6502EAA8BB400B8319B /* Release */ = {
			isa = XCBuildConfiguration;
			buildSettings = {
				BUNDLE_LOADER = "$(TEST_HOST)";
				CODE_SIGN_STYLE = Automatic;
				CURRENT_PROJECT_VERSION = 1;
				GENERATE_INFOPLIST_FILE = YES;
				IPHONEOS_DEPLOYMENT_TARGET = 18.5;
				MARKETING_VERSION = 1.0;
				PRODUCT_BUNDLE_IDENTIFIER = test.DiceeAppTests;
				PRODUCT_NAME = "$(TARGET_NAME)";
				SWIFT_EMIT_LOC_STRINGS = NO;
				SWIFT_VERSION = 5.0;
				TARGETED_DEVICE_FAMILY = "1,2";
				TEST_HOST = "$(BUILT_PRODUCTS_DIR)/DiceeApp.app/$(BUNDLE_EXECUTABLE_FOLDER_PATH)/DiceeApp";
			};
			name = Release;
		};
		1DABD6522EAA8BB400B8319B /* Debug */ = {
			isa = XCBuildConfiguration;
			buildSettings = {
				CODE_SIGN_STYLE = Automatic;
				CURRENT_PROJECT_VERSION = 1;
				GENERATE_INFOPLIST_FILE = YES;
				MARKETING_VERSION = 1.0;
				PRODUCT_BUNDLE_IDENTIFIER = test.DiceeAppUITests;
				PRODUCT_NAME = "$(TARGET_NAME)";
				SWIFT_EMIT_LOC_STRINGS = NO;
				SWIFT_VERSION = 5.0;
				TARGETED_DEVICE_FAMILY = "1,2";
				TEST_TARGET_NAME = DiceeApp;
			};
			name = Debug;
		};
		1DABD6532EAA8BB400B8319B /* Release */ = {
			isa = XCBuildConfiguration;
			buildSettings = {
				CODE_SIGN_STYLE = Automatic;
				CURRENT_PROJECT_VERSION = 1;
				GENERATE_INFOPLIST_FILE = YES;
				MARKETING_VERSION = 1.0;
				PRODUCT_BUNDLE_IDENTIFIER = test.DiceeAppUITests;
				PRODUCT_NAME = "$(TARGET_NAME)";
				SWIFT_EMIT_LOC_STRINGS = NO;
				SWIFT_VERSION = 5.0;
				TARGETED_DEVICE_FAMILY = "1,2";
				TEST_TARGET_NAME = DiceeApp;
			};
			name = Release;
		};
/* End XCBuildConfiguration section */

/* Begin XCConfigurationList section */
		1DABD61B2EAA8BB200B8319B /* Build configuration list for PBXProject "DiceeApp" */ = {
			isa = XCConfigurationList;
			buildConfigurations = (
				1DABD64C2EAA8BB400B8319B /* Debug */,
				1DABD64D2EAA8BB400B8319B /* Release */,
			);
			defaultConfigurationIsVisible = 0;
			defaultConfigurationName = Release;
		};
		1DABD6492EAA8BB400B8319B /* Build configuration list for PBXNativeTarget "DiceeApp" */ = {
			isa = XCConfigurationList;
			buildConfigurations = (
				1DABD64A2EAA8BB400B8319B /* Debug */,
				1DABD64B2EAA8BB400B8319B /* Release */,
			);
			defaultConfigurationIsVisible = 0;
			defaultConfigurationName = Release;
		};
		1DABD64E2EAA8BB400B8319B /* Build configuration list for PBXNativeTarget "DiceeAppTests" */ = {
			isa = XCConfigurationList;
			buildConfigurations = (
				1DABD64F2EAA8BB400B8319B /* Debug */,
				1DABD6502EAA8BB400B8319B /* Release */,
			);
			defaultConfigurationIsVisible = 0;
			defaultConfigurationName = Release;
		};
		1DABD6512EAA8BB400B8319B /* Build configuration list for PBXNativeTarget "DiceeAppUITests" */ = {
			isa = XCConfigurationList;
			buildConfigurations = (
				1DABD6522EAA8BB400B8319B /* Debug */,
				1DABD6532EAA8BB400B8319B /* Release */,
			);
			defaultConfigurationIsVisible = 0;
			defaultConfigurationName = Release;
		};
/* End XCConfigurationList section */
	};
	rootObject = 1DABD6182EAA8BB200B8319B /* Project object */;
}
